
Microsoft Visual Studio Solution File, Format Version 12.00
# Visual Studio Version 17
VisualStudioVersion = 17.10.35027.167
MinimumVisualStudioVersion = 10.0.40219.1
Project("{2150E333-8FDC-42A3-9474-1A3956D46DE8}") = "BusinessObject", "BusinessObject", "{E95AE0CD-F983-4F88-BCC4-62AE39ADF25F}"
EndProject
Project("{FAE04EC0-301F-11D3-BF4B-00C04F79EFBC}") = "BusinessObject", "BusinessObject\BusinessObject.csproj", "{0E74E4BB-E65B-4F49-A691-6F7812ABC995}"
EndProject
Global
	GlobalSection(SolutionConfigurationPlatforms) = preSolution
		Debug|Any CPU = Debug|Any CPU
		Release|Any CPU = Release|Any CPU
	EndGlobalSection
	GlobalSection(ProjectConfigurationPlatforms) = postSolution
		{0E74E4BB-E65B-4F49-A691-6F7812ABC995}.Debug|Any CPU.ActiveCfg = Debug|Any CPU
		{0E74E4BB-E65B-4F49-A691-6F7812ABC995}.Debug|Any CPU.Build.0 = Debug|Any CPU
		{0E74E4BB-E65B-4F49-A691-6F7812ABC995}.Release|Any CPU.ActiveCfg = Release|Any CPU
		{0E74E4BB-E65B-4F49-A691-6F7812ABC995}.Release|Any CPU.Build.0 = Release|Any CPU
	EndGlobalSection
	GlobalSection(SolutionProperties) = preSolution
		HideSolutionNode = FALSE
	EndGlobalSection
	GlobalSection(NestedProjects) = preSolution
		{0E74E4BB-E65B-4F49-A691-6F7812ABC995} = {E95AE0CD-F983-4F88-BCC4-62AE39ADF25F}
	EndGlobalSection
	GlobalSection(ExtensibilityGlobals) = postSolution
		SolutionGuid = {34CF4008-663A-4857-AEEA-0BAC83437F49}
	EndGlobalSection
EndGlobal
